[[package]]
name = "annotated-types"
version = "0.7.0"
description = "Reusable constraint types to use with typing.Annotated"
category = "main"
optional = false
python-versions = ">=3.8"

[[package]]
name = "area"
version = "1.1.1"
description = "Calculate the area inside of any GeoJSON geometry. This is a port of Mapbox'sgeojson-area for Python"
category = "main"
optional = false
python-versions = "*"

[[package]]
name = "attrs"
version = "24.2.0"
description = "Classes Without Boilerplate"
category = "main"
optional = false
python-versions = ">=3.7"

[package.extras]
benchmark = ["cloudpickle", "hypothesis", "mypy (>=1.11.1)", "pympler", "pytest-codspeed", "pytest-mypy-plugins", "pytest-xdist", "pytest (>=4.3.0)"]
cov = ["cloudpickle", "coverage[toml] (>=5.3)", "hypothesis", "mypy (>=1.11.1)", "pympler", "pytest-mypy-plugins", "pytest-xdist", "pytest (>=4.3.0)"]
dev = ["cloudpickle", "hypothesis", "mypy (>=1.11.1)", "pre-commit", "pympler", "pytest-mypy-plugins", "pytest-xdist", "pytest (>=4.3.0)"]
docs = ["cogapp", "furo", "myst-parser", "sphinx", "sphinx-notfound-page", "sphinxcontrib-towncrier", "towncrier (<24.7)"]
tests = ["cloudpickle", "hypothesis", "mypy (>=1.11.1)", "pympler", "pytest-mypy-plugins", "pytest-xdist", "pytest (>=4.3.0)"]
tests-mypy = ["mypy (>=1.11.1)", "pytest-mypy-plugins"]

[[package]]
name = "blinker"
version = "1.9.0"
description = "Fast, simple object-to-object and broadcast signaling"
category = "main"
optional = false
python-versions = ">=3.9"

[[package]]
name = "certifi"
version = "2024.8.30"
description = "Python package for providing Mozilla's CA Bundle."
category = "main"
optional = false
python-versions = ">=3.6"

[[package]]
name = "charset-normalizer"
version = "3.4.0"
description = "The Real First Universal Charset Detector. Open, modern and actively maintained alternative to Chardet."
category = "main"
optional = false
python-versions = ">=3.7.0"

[[package]]
name = "click"
version = "8.1.7"
description = "Composable command line interface toolkit"
category = "main"
optional = false
python-versions = ">=3.7"

[package.dependencies]
colorama = {version = "*", markers = "platform_system == \"Windows\""}

[[package]]
name = "click-plugins"
version = "1.1.1"
description = "An extension module for click to enable registering CLI commands via setuptools entry-points."
category = "main"
optional = false
python-versions = "*"

[package.dependencies]
click = ">=4.0"

[package.extras]
dev = ["pytest (>=3.6)", "pytest-cov", "wheel", "coveralls"]

[[package]]
name = "cligj"
version = "0.7.2"
description = "Click params for commmand line interfaces to GeoJSON"
category = "main"
optional = false
python-versions = ">=2.7, !=3.0.*, !=3.1.*, !=3.2.*, <4"

[package.dependencies]
click = ">=4.0"

[package.extras]
test = ["pytest-cov"]

[[package]]
name = "colorama"
version = "0.4.6"
description = "Cross-platform colored terminal text."
category = "main"
optional = false
python-versions = "!=3.0.*,!=3.1.*,!=3.2.*,!=3.3.*,!=3.4.*,!=3.5.*,!=3.6.*,>=2.7"

[[package]]
name = "fiona"
version = "1.10.1"
description = "Fiona reads and writes spatial data files"
category = "main"
optional = false
python-versions = ">=3.8"

[package.dependencies]
attrs = ">=19.2.0"
certifi = "*"
click = ">=8.0,<9.0"
click-plugins = ">=1.0"
cligj = ">=0.5"

[package.extras]
all = ["fiona"]
calc = ["pyparsing", "shapely"]
s3 = ["boto3 (>=1.3.1)"]
test = ["aiohttp", "fsspec", "fiona", "pytest (>=7)", "pytest-cov", "pytz"]

[[package]]
name = "flask"
version = "3.1.0"
description = "A simple framework for building complex web applications."
category = "main"
optional = false
python-versions = ">=3.9"

[package.dependencies]
blinker = ">=1.9"
click = ">=8.1.3"
itsdangerous = ">=2.2"
Jinja2 = ">=3.1.2"
Werkzeug = ">=3.1"

[package.extras]
async = ["asgiref (>=3.2)"]
dotenv = ["python-dotenv"]

[[package]]
name = "flask-cors"
version = "5.0.0"
description = "A Flask extension adding a decorator for CORS support"
category = "main"
optional = false
python-versions = "*"

[package.dependencies]
Flask = ">=0.9"

[[package]]
name = "flatbuffers"
version = "24.3.25"
description = "The FlatBuffers serialization format for Python"
category = "main"
optional = false
python-versions = "*"

[[package]]
name = "geopandas"
version = "1.0.1"
description = "Geographic pandas extensions"
category = "main"
optional = false
python-versions = ">=3.9"

[package.dependencies]
numpy = ">=1.22"
packaging = "*"
pandas = ">=1.4.0"
pyogrio = ">=0.7.2"
pyproj = ">=3.3.0"
shapely = ">=2.0.0"

[package.extras]
all = ["psycopg-binary (>=3.1.0)", "SQLAlchemy (>=1.3)", "geopy", "matplotlib (>=3.5.0)", "mapclassify", "xyzservices", "folium", "geoalchemy2", "pyarrow (>=8.0.0)"]
dev = ["pytest (>=3.1.0)", "pytest-cov", "pytest-xdist", "codecov", "black", "pre-commit"]

[[package]]
name = "idna"
version = "3.10"
description = "Internationalized Domain Names in Applications (IDNA)"
category = "main"
optional = false
python-versions = ">=3.6"

[package.extras]
all = ["ruff (>=0.6.2)", "mypy (>=1.11.2)", "pytest (>=8.3.2)", "flake8 (>=7.1.1)"]

[[package]]
name = "itsdangerous"
version = "2.2.0"
description = "Safely pass data to untrusted environments and back."
category = "main"
optional = false
python-versions = ">=3.8"

[[package]]
name = "jinja2"
version = "3.1.4"
description = "A very fast and expressive template engine."
category = "main"
optional = false
python-versions = ">=3.7"

[package.dependencies]
MarkupSafe = ">=2.0"

[package.extras]
i18n = ["Babel (>=2.7)"]

[[package]]
name = "markupsafe"
version = "3.0.2"
description = "Safely add untrusted strings to HTML/XML markup."
category = "main"
optional = false
python-versions = ">=3.9"

[[package]]
name = "numpy"
version = "2.1.3"
description = "Fundamental package for array computing in Python"
category = "main"
optional = false
python-versions = ">=3.10"

[[package]]
name = "opencv-python"
version = "4.10.0.84"
description = "Wrapper package for OpenCV python bindings."
category = "main"
optional = false
python-versions = ">=3.6"

[package.dependencies]
numpy = [
    {version = ">=1.21.2", markers = "python_version >= \"3.10\""},
    {version = ">=1.21.4", markers = "python_version >= \"3.10\" and platform_system == \"Darwin\""},
    {version = ">=1.23.5", markers = "python_version >= \"3.11\""},
    {version = ">=1.26.0", markers = "python_version >= \"3.12\""},
    {version = ">=1.19.3", markers = "python_version >= \"3.6\" and platform_system == \"Linux\" and platform_machine == \"aarch64\" or python_version >= \"3.9\""},
    {version = ">=1.17.0", markers = "python_version >= \"3.7\""},
    {version = ">=1.17.3", markers = "python_version >= \"3.8\""},
]

[[package]]
name = "packaging"
version = "24.2"
description = "Core utilities for Python packages"
category = "main"
optional = false
python-versions = ">=3.8"

[[package]]
name = "pandas"
version = "2.2.3"
description = "Powerful data structures for data analysis, time series, and statistics"
category = "main"
optional = false
python-versions = ">=3.9"

[package.dependencies]
numpy = [
    {version = ">=1.22.4", markers = "python_version < \"3.11\""},
    {version = ">=1.23.2", markers = "python_version == \"3.11\""},
    {version = ">=1.26.0", markers = "python_version >= \"3.12\""},
]
python-dateutil = ">=2.8.2"
pytz = ">=2020.1"
tzdata = ">=2022.7"

[package.extras]
test = ["hypothesis (>=6.46.1)", "pytest (>=7.3.2)", "pytest-xdist (>=2.2.0)"]
pyarrow = ["pyarrow (>=10.0.1)"]
performance = ["bottleneck (>=1.3.6)", "numba (>=0.56.4)", "numexpr (>=2.8.4)"]
computation = ["scipy (>=1.10.0)", "xarray (>=2022.12.0)"]
fss = ["fsspec (>=2022.11.0)"]
aws = ["s3fs (>=2022.11.0)"]
gcp = ["gcsfs (>=2022.11.0)", "pandas-gbq (>=0.19.0)"]
excel = ["odfpy (>=1.4.1)", "openpyxl (>=3.1.0)", "python-calamine (>=0.1.7)", "pyxlsb (>=1.0.10)", "xlrd (>=2.0.1)", "xlsxwriter (>=3.0.5)"]
parquet = ["pyarrow (>=10.0.1)"]
feather = ["pyarrow (>=10.0.1)"]
hdf5 = ["tables (>=3.8.0)"]
spss = ["pyreadstat (>=1.2.0)"]
postgresql = ["SQLAlchemy (>=2.0.0)", "psycopg2 (>=2.9.6)", "adbc-driver-postgresql (>=0.8.0)"]
mysql = ["SQLAlchemy (>=2.0.0)", "pymysql (>=1.0.2)"]
sql-other = ["SQLAlchemy (>=2.0.0)", "adbc-driver-postgresql (>=0.8.0)", "adbc-driver-sqlite (>=0.8.0)"]
html = ["beautifulsoup4 (>=4.11.2)", "html5lib (>=1.1)", "lxml (>=4.9.2)"]
xml = ["lxml (>=4.9.2)"]
plot = ["matplotlib (>=3.6.3)"]
output-formatting = ["jinja2 (>=3.1.2)", "tabulate (>=0.9.0)"]
clipboard = ["PyQt5 (>=5.15.9)", "qtpy (>=2.3.0)"]
compression = ["zstandard (>=0.19.0)"]
consortium-standard = ["dataframe-api-compat (>=0.1.7)"]
all = ["adbc-driver-postgresql (>=0.8.0)", "adbc-driver-sqlite (>=0.8.0)", "beautifulsoup4 (>=4.11.2)", "bottleneck (>=1.3.6)", "dataframe-api-compat (>=0.1.7)", "fastparquet (>=2022.12.0)", "fsspec (>=2022.11.0)", "gcsfs (>=2022.11.0)", "html5lib (>=1.1)", "hypothesis (>=6.46.1)", "jinja2 (>=3.1.2)", "lxml (>=4.9.2)", "matplotlib (>=3.6.3)", "numba (>=0.56.4)", "numexpr (>=2.8.4)", "odfpy (>=1.4.1)", "openpyxl (>=3.1.0)", "pandas-gbq (>=0.19.0)", "psycopg2 (>=2.9.6)", "pyarrow (>=10.0.1)", "pymysql (>=1.0.2)", "PyQt5 (>=5.15.9)", "pyreadstat (>=1.2.0)", "pytest (>=7.3.2)", "pytest-xdist (>=2.2.0)", "python-calamine (>=0.1.7)", "pyxlsb (>=1.0.10)", "qtpy (>=2.3.0)", "scipy (>=1.10.0)", "s3fs (>=2022.11.0)", "SQLAlchemy (>=2.0.0)", "tables (>=3.8.0)", "tabulate (>=0.9.0)", "xarray (>=2022.12.0)", "xlrd (>=2.0.1)", "xlsxwriter (>=3.0.5)", "zstandard (>=0.19.0)"]

[[package]]
name = "progressbar2"
version = "4.5.0"
description = "A Python Progressbar library to provide visual (yet text based) progress to long running operations."
category = "main"
optional = false
python-versions = ">=3.8"

[package.dependencies]
python-utils = ">=3.8.1"

[package.extras]
docs = ["sphinx (>=1.8.5)", "sphinx-autodoc-typehints (>=1.6.0)"]
tests = ["dill (>=0.3.6)", "flake8 (>=3.7.7)", "freezegun (>=0.3.11)", "pytest-cov (>=2.6.1)", "pytest-mypy", "pytest (>=4.6.9)", "sphinx (>=1.8.5)", "pywin32"]

[[package]]
name = "pyarrow"
version = "18.0.0"
description = "Python library for Apache Arrow"
category = "main"
optional = false
python-versions = ">=3.9"

[package.extras]
test = ["pytest", "hypothesis", "cffi", "pytz", "pandas"]

[[package]]
name = "pycoral"
version = "0.2.0"
description = "Simple CLI for Allen Coral Atlas"
category = "main"
optional = false
python-versions = "*"

[package.dependencies]
area = ">=1.1.1"
fiona = {version = ">=1.8.20", markers = "platform_system != \"Windows\""}
geopandas = {version = ">=0.9.0", markers = "platform_system != \"Windows\""}
pandas = ">=2.1.1"
progressbar2 = ">=3.53.1"
pyproj = {version = ">=1.9.5.1", markers = "platform_system != \"Windows\""}
requests = ">=2.23.1"
shapely = {version = ">=1.7.1", markers = "platform_system != \"Windows\""}
tenacity = ">=8.0.1"

[[package]]
name = "pydantic"
version = "2.9.2"
description = "Data validation using Python type hints"
category = "main"
optional = false
python-versions = ">=3.8"

[package.dependencies]
annotated-types = ">=0.6.0"
pydantic-core = "2.23.4"
typing-extensions = [
    {version = ">=4.12.2", markers = "python_version >= \"3.13\""},
    {version = ">=4.6.1", markers = "python_version < \"3.13\""},
]

[package.extras]
email = ["email-validator (>=2.0.0)"]
timezone = ["tzdata"]

[[package]]
name = "pydantic-core"
version = "2.23.4"
description = "Core functionality for Pydantic validation and serialization"
category = "main"
optional = false
python-versions = ">=3.8"

[package.dependencies]
typing-extensions = ">=4.6.0,<4.7.0 || >4.7.0"

[[package]]
name = "pylance"
version = "0.19.2"
description = "python wrapper for Lance columnar format"
category = "main"
optional = false
python-versions = ">=3.9"

[package.dependencies]
numpy = ">=1.22"
pyarrow = ">=12"

[package.extras]
tests = ["boto3", "datasets", "duckdb", "ml-dtypes", "pillow", "pandas", "polars", "pytest", "tensorflow", "tqdm"]
dev = ["ruff (==0.4.1)"]
benchmarks = ["pytest-benchmark"]
torch = ["torch"]
cuvs-cu11 = ["cuvs-cu11", "pylibraft-cu11"]
cuvs-cu12 = ["cuvs-cu12", "pylibraft-cu12"]
ray = ["ray[data] (<2.38)"]

[[package]]
name = "pyogrio"
version = "0.10.0"
description = "Vectorized spatial vector file format I/O using GDAL/OGR"
category = "main"
optional = false
python-versions = ">=3.9"

[package.dependencies]
certifi = "*"
numpy = "*"
packaging = "*"

[package.extras]
benchmark = ["pytest-benchmark"]
dev = ["cython"]
geopandas = ["geopandas"]
test = ["pytest", "pytest-cov"]

[[package]]
name = "pyproj"
version = "3.7.0"
description = "Python interface to PROJ (cartographic projections and coordinate transformations library)"
category = "main"
optional = false
python-versions = ">=3.10"

[package.dependencies]
certifi = "*"

[[package]]
name = "python-dateutil"
version = "2.9.0.post0"
description = "Extensions to the standard Python datetime module"
category = "main"
optional = false
python-versions = "!=3.0.*,!=3.1.*,!=3.2.*,>=2.7"

[package.dependencies]
six = ">=1.5"

[[package]]
name = "python-utils"
version = "3.9.0"
description = "Python Utils is a module with some convenient utilities not included with the standard Python install"
category = "main"
optional = false
python-versions = ">3.9.0"

[package.dependencies]
typing-extensions = ">3.10.0.2"

[package.extras]
docs = ["mock", "sphinx", "python-utils"]
loguru = ["loguru"]
tests = ["ruff", "pyright", "pytest", "pytest-cov", "pytest-mypy", "pytest-asyncio", "sphinx", "types-setuptools", "loguru", "loguru-mypy", "mypy-ipython", "blessings"]

[[package]]
name = "pytz"
version = "2024.2"
description = "World timezone definitions, modern and historical"
category = "main"
optional = false
python-versions = "*"

[[package]]
name = "requests"
version = "2.32.3"
description = "Python HTTP for Humans."
category = "main"
optional = false
python-versions = ">=3.8"

[package.dependencies]
certifi = ">=2017.4.17"
charset-normalizer = ">=2,<4"
idna = ">=2.5,<4"
urllib3 = ">=1.21.1,<3"

[package.extras]
socks = ["PySocks (>=1.5.6,!=1.5.7)"]
use-chardet-on-py3 = ["chardet (>=3.0.2,<6)"]

[[package]]
name = "shapely"
version = "2.0.6"
description = "Manipulation and analysis of geometric objects"
category = "main"
optional = false
python-versions = ">=3.7"

[package.dependencies]
numpy = ">=1.14,<3"

[package.extras]
docs = ["numpydoc (>=1.1.0,<1.2.0)", "matplotlib", "sphinx", "sphinx-book-theme", "sphinx-remove-toctrees"]
test = ["pytest", "pytest-cov"]

[[package]]
name = "six"
version = "1.16.0"
description = "Python 2 and 3 compatibility utilities"
category = "main"
optional = false
python-versions = ">=2.7, !=3.0.*, !=3.1.*, !=3.2.*"

[[package]]
name = "tenacity"
version = "9.0.0"
description = "Retry code until it succeeds"
category = "main"
optional = false
python-versions = ">=3.8"

[package.extras]
doc = ["reno", "sphinx"]
test = ["pytest", "tornado (>=4.5)", "typeguard"]

[[package]]
name = "tflite"
version = "2.10.0"
description = "Parsing TensorFlow Lite Models (*.tflite) Easily"
category = "main"
optional = false
python-versions = "!=3.0.*,!=3.1.*,!=3.2.*,!=3.3.*,!=3.4.*,<4,>=2.7"

[package.dependencies]
flatbuffers = "*"
numpy = "*"

[[package]]
name = "tflite-runtime"
version = "2.14.0"
description = "TensorFlow Lite is for mobile and embedded devices."
category = "main"
optional = false
python-versions = "*"

[package.dependencies]
numpy = ">=1.23.2"

[[package]]
name = "typing-extensions"
version = "4.12.2"
description = "Backported and Experimental Type Hints for Python 3.8+"
category = "main"
optional = false
python-versions = ">=3.8"

[[package]]
name = "tzdata"
version = "2024.2"
description = "Provider of IANA time zone data"
category = "main"
optional = false
python-versions = ">=2"

[[package]]
name = "urllib3"
version = "2.2.3"
description = "HTTP library with thread-safe connection pooling, file post, and more."
category = "main"
optional = false
python-versions = ">=3.8"

[package.extras]
brotli = ["brotli (>=1.0.9)", "brotlicffi (>=0.8.0)"]
h2 = ["h2 (>=4,<5)"]
socks = ["pysocks (>=1.5.6,!=1.5.7,<2.0)"]
zstd = ["zstandard (>=0.18.0)"]

[[package]]
name = "werkzeug"
version = "3.1.3"
description = "The comprehensive WSGI web application library."
category = "main"
optional = false
python-versions = ">=3.9"

[package.dependencies]
MarkupSafe = ">=2.1.1"

[package.extras]
watchdog = ["watchdog (>=2.3)"]

[metadata]
lock-version = "1.1"
python-versions = "^3.10"
content-hash = "7b00999e9d6bd85a773f101fd05922e62cf1cb739e3c82231f96e2f1d2aa5d10"

[metadata.files]
annotated-types = []
area = []
attrs = []
blinker = []
certifi = []
charset-normalizer = []
click = []
click-plugins = []
cligj = []
colorama = []
fiona = []
flask = []
flask-cors = []
flatbuffers = []
geopandas = []
idna = []
itsdangerous = []
jinja2 = []
markupsafe = []
numpy = []
opencv-python = []
packaging = []
pandas = []
progressbar2 = []
pyarrow = []
pycoral = []
pydantic = []
pydantic-core = []
pylance = []
pyogrio = []
pyproj = []
python-dateutil = []
python-utils = []
pytz = []
requests = []
shapely = []
six = []
tenacity = []
tflite = []
tflite-runtime = []
typing-extensions = []
tzdata = []
urllib3 = []
werkzeug = []
